
Microsoft Visual Studio Solution File, Format Version 12.00
# Visual Studio Version 16
VisualStudioVersion = 16.0.31605.320
MinimumVisualStudioVersion = 10.0.40219.1
Project("{FAE04EC0-301F-11D3-BF4B-00C04F79EFBC}") = "MatchGame", "MatchGame\MatchGame.csproj", "{2AEED903-8DBE-45DC-B0AC-2C4A45DB28BB}"
EndProject
Global
	GlobalSection(SolutionConfigurationPlatforms) = preSolution
		Debug|Any CPU = Debug|Any CPU
		Release|Any CPU = Release|Any CPU
	EndGlobalSection
	GlobalSection(ProjectConfigurationPlatforms) = postSolution
		{2AEED903-8DBE-45DC-B0AC-2C4A45DB28BB}.Debug|Any CPU.ActiveCfg = Debug|Any CPU
		{2AEED903-8DBE-45DC-B0AC-2C4A45DB28BB}.Debug|Any CPU.Build.0 = Debug|Any CPU
		{2AEED903-8DBE-45DC-B0AC-2C4A45DB28BB}.Release|Any CPU.ActiveCfg = Release|Any CPU
		{2AEED903-8DBE-45DC-B0AC-2C4A45DB28BB}.Release|Any CPU.Build.0 = Release|Any CPU
	EndGlobalSection
	GlobalSection(SolutionProperties) = preSolution
		HideSolutionNode = FALSE
	EndGlobalSection
	GlobalSection(ExtensibilityGlobals) = postSolution
		SolutionGuid = {3B66131D-2312-49F1-B3EB-13108F82C325}
	EndGlobalSection
EndGlobal
